// !$*UTF8*$!
{
	archiveVersion = 1;
	classes = {
	};
	objectVersion = 46;
	objects = {

/* Begin PBXBuildFile section */
		4A36EB871A82DB1D00F7E322 /* AppDelegate.swift in Sources */ = {isa = PBXBuildFile; fileRef = 4A36EB861A82DB1D00F7E322 /* AppDelegate.swift */; };
		4A36EB891A82DB1D00F7E322 /* ViewController.swift in Sources */ = {isa = PBXBuildFile; fileRef = 4A36EB881A82DB1D00F7E322 /* ViewController.swift */; };
		4A36EB8C1A82DB1D00F7E322 /* Main.storyboard in Resources */ = {isa = PBXBuildFile; fileRef = 4A36EB8A1A82DB1D00F7E322 /* Main.storyboard */; };
		4A36EB8E1A82DB1D00F7E322 /* Images.xcassets in Resources */ = {isa = PBXBuildFile; fileRef = 4A36EB8D1A82DB1D00F7E322 /* Images.xcassets */; };
		4A36EB911A82DB1D00F7E322 /* LaunchScreen.xib in Resources */ = {isa = PBXBuildFile; fileRef = 4A36EB8F1A82DB1D00F7E322 /* LaunchScreen.xib */; };
		4A36EB9D1A82DB1D00F7E322 /* rtTests.swift in Sources */ = {isa = PBXBuildFile; fileRef = 4A36EB9C1A82DB1D00F7E322 /* rtTests.swift */; };
/* End PBXBuildFile section */

/* Begin PBXContainerItemProxy section */
		4A36EB971A82DB1D00F7E322 /* PBXContainerItemProxy */ = {
			isa = PBXContainerItemProxy;
			containerPortal = 4A36EB791A82DB1D00F7E322 /* Project object */;
			proxyType = 1;
			remoteGlobalIDString = 4A36EB801A82DB1D00F7E322;
			remoteInfo = rt;
		};
/* End PBXContainerItemProxy section */

/* Begin PBXFileReference section */
		4A36EB811A82DB1D00F7E322 /* rt.app */ = {isa = PBXFileReference; explicitFileType = wrapper.application; includeInIndex = 0; path = rt.app; sourceTree = BUILT_PRODUCTS_DIR; };
		4A36EB851A82DB1D00F7E322 /* Info.plist */ = {isa = PBXFileReference; lastKnownFileType = text.plist.xml; path = Info.plist; sourceTree = "<group>"; };
		4A36EB861A82DB1D00F7E322 /* AppDelegate.swift */ = {isa = PBXFileReference; lastKnownFileType = sourcecode.swift; path = AppDelegate.swift; sourceTree = "<group>"; };
		4A36EB881A82DB1D00F7E322 /* ViewController.swift */ = {isa = PBXFileReference; lastKnownFileType = sourcecode.swift; path = ViewController.swift; sourceTree = "<group>"; };
		4A36EB8B1A82DB1D00F7E322 /* Base */ = {isa = PBXFileReference; lastKnownFileType = file.storyboard; name = Base; path = Base.lproj/Main.storyboard; sourceTree = "<group>"; };
		4A36EB8D1A82DB1D00F7E322 /* Images.xcassets */ = {isa = PBXFileReference; lastKnownFileType = folder.assetcatalog; path = Images.xcassets; sourceTree = "<group>"; };
		4A36EB901A82DB1D00F7E322 /* Base */ = {isa = PBXFileReference; lastKnownFileType = file.xib; name = Base; path = Base.lproj/LaunchScreen.xib; sourceTree = "<group>"; };
		4A36EB961A82DB1D00F7E322 /* rtTests.xctest */ = {isa = PBXFileReference; explicitFileType = wrapper.cfbundle; includeInIndex = 0; path = rtTests.xctest; sourceTree = BUILT_PRODUCTS_DIR; };
		4A36EB9B1A82DB1D00F7E322 /* Info.plist */ = {isa = PBXFileReference; lastKnownFileType = text.plist.xml; path = Info.plist; sourceTree = "<group>"; };
		4A36EB9C1A82DB1D00F7E322 /* rtTests.swift */ = {isa = PBXFileReference; lastKnownFileType = sourcecode.swift; path = rtTests.swift; sourceTree = "<group>"; };
/* End PBXFileReference section */

/* Begin PBXFrameworksBuildPhase section */
		4A36EB7E1A82DB1D00F7E322 /* Frameworks */ = {
			isa = PBXFrameworksBuildPhase;
			buildActionMask = 2147483647;
			files = (
			);
			runOnlyForDeploymentPostprocessing = 0;
		};
		4A36EB931A82DB1D00F7E322 /* Frameworks */ = {
			isa = PBXFrameworksBuildPhase;
			buildActionMask = 2147483647;
			files = (
			);
			runOnlyForDeploymentPostprocessing = 0;
		};
/* End PBXFrameworksBuildPhase section */

/* Begin PBXGroup section */
		4A36EB781A82DB1D00F7E322 = {
			isa = PBXGroup;
			children = (
				4A36EB831A82DB1D00F7E322 /* rt */,
				4A36EB991A82DB1D00F7E322 /* rtTests */,
				4A36EB821A82DB1D00F7E322 /* Products */,
			);
			sourceTree = "<group>";
		};
		4A36EB821A82DB1D00F7E322 /* Products */ = {
			isa = PBXGroup;
			children = (
				4A36EB811A82DB1D00F7E322 /* rt.app */,
				4A36EB961A82DB1D00F7E322 /* rtTests.xctest */,
			);
			name = Products;
			sourceTree = "<group>";
		};
		4A36EB831A82DB1D00F7E322 /* rt */ = {
			isa = PBXGroup;
			children = (
				4A36EB861A82DB1D00F7E322 /* AppDelegate.swift */,
				4A36EB881A82DB1D00F7E322 /* ViewController.swift */,
				4A36EB8A1A82DB1D00F7E322 /* Main.storyboard */,
				4A36EB8D1A82DB1D00F7E322 /* Images.xcassets */,
				4A36EB8F1A82DB1D00F7E322 /* LaunchScreen.xib */,
				4A36EB841A82DB1D00F7E322 /* Supporting Files */,
			);
			path = rt;
			sourceTree = "<group>";
		};
		4A36EB841A82DB1D00F7E322 /* Supporting Files */ = {
			isa = PBXGroup;
			children = (
				4A36EB851A82DB1D00F7E322 /* Info.plist */,
			);
			name = "Supporting Files";
			sourceTree = "<group>";
		};
		4A36EB991A82DB1D00F7E322 /* rtTests */ = {
			isa = PBXGroup;
			children = (
				4A36EB9C1A82DB1D00F7E322 /* rtTests.swift */,
				4A36EB9A1A82DB1D00F7E322 /* Supporting Files */,
			);
			path = rtTests;
			sourceTree = "<group>";
		};
		4A36EB9A1A82DB1D00F7E322 /* Supporting Files */ = {
			isa = PBXGroup;
			children = (
				4A36EB9B1A82DB1D00F7E322 /* Info.plist */,
			);
			name = "Supporting Files";
			sourceTree = "<group>";
		};
/* End PBXGroup section */

/* Begin PBXNativeTarget section */
		4A36EB801A82DB1D00F7E322 /* rt */ = {
			isa = PBXNativeTarget;
			buildConfigurationList = 4A36EBA01A82DB1D00F7E322 /* Build configuration list for PBXNativeTarget "rt" */;
			buildPhases = (
				4A36EB7D1A82DB1D00F7E322 /* Sources */,
				4A36EB7E1A82DB1D00F7E322 /* Frameworks */,
				4A36EB7F1A82DB1D00F7E322 /* Resources */,
			);
			buildRules = (
			);
			dependencies = (
			);
			name = rt;
			productName = rt;
			productReference = 4A36EB811A82DB1D00F7E322 /* rt.app */;
			productType = "com.apple.product-type.application";
		};
		4A36EB951A82DB1D00F7E322 /* rtTests */ = {
			isa = PBXNativeTarget;
			buildConfigurationList = 4A36EBA31A82DB1D00F7E322 /* Build configuration list for PBXNativeTarget "rtTests" */;
			buildPhases = (
				4A36EB921A82DB1D00F7E322 /* Sources */,
				4A36EB931A82DB1D00F7E322 /* Frameworks */,
				4A36EB941A82DB1D00F7E322 /* Resources */,
			);
			buildRules = (
			);
			dependencies = (
				4A36EB981A82DB1D00F7E322 /* PBXTargetDependency */,
			);
			name = rtTests;
			productName = rtTests;
			productReference = 4A36EB961A82DB1D00F7E322 /* rtTests.xctest */;
			productType = "com.apple.product-type.bundle.unit-test";
		};
/* End PBXNativeTarget section */

/* Begin PBXProject section */
		4A36EB791A82DB1D00F7E322 /* Project object */ = {
			isa = PBXProject;
			attributes = {
				LastUpgradeCheck = 0610;
				ORGANIZATIONNAME = "David Bowen";
				TargetAttributes = {
					4A36EB801A82DB1D00F7E322 = {
						CreatedOnToolsVersion = 6.1.1;
					};
					4A36EB951A82DB1D00F7E322 = {
						CreatedOnToolsVersion = 6.1.1;
						TestTargetID = 4A36EB801A82DB1D00F7E322;
					};
				};
			};
			buildConfigurationList = 4A36EB7C1A82DB1D00F7E322 /* Build configuration list for PBXProject "rt" */;
			compatibilityVersion = "Xcode 3.2";
			developmentRegion = English;
			hasScannedForEncodings = 0;
			knownRegions = (
				en,
				Base,
			);
			mainGroup = 4A36EB781A82DB1D00F7E322;
			productRefGroup = 4A36EB821A82DB1D00F7E322 /* Products */;
			projectDirPath = "";
			projectRoot = "";
			targets = (
				4A36EB801A82DB1D00F7E322 /* rt */,
				4A36EB951A82DB1D00F7E322 /* rtTests */,
			);
		};
/* End PBXProject section */

/* Begin PBXResourcesBuildPhase section */
		4A36EB7F1A82DB1D00F7E322 /* Resources */ = {
			isa = PBXResourcesBuildPhase;
			buildActionMask = 2147483647;
			files = (
				4A36EB8C1A82DB1D00F7E322 /* Main.storyboard in Resources */,
				4A36EB911A82DB1D00F7E322 /* LaunchScreen.xib in Resources */,
				4A36EB8E1A82DB1D00F7E322 /* Images.xcassets in Resources */,
			);
			runOnlyForDeploymentPostprocessing = 0;
		};
		4A36EB941A82DB1D00F7E322 /* Resources */ = {
			isa = PBXResourcesBuildPhase;
			buildActionMask = 2147483647;
			files = (
			);
			runOnlyForDeploymentPostprocessing = 0;
		};
/* End PBXResourcesBuildPhase section */

/* Begin PBXSourcesBuildPhase section */
		4A36EB7D1A82DB1D00F7E322 /* Sources */ = {
			isa = PBXSourcesBuildPhase;
			buildActionMask = 2147483647;
			files = (
				4A36EB891A82DB1D00F7E322 /* ViewController.swift in Sources */,
				4A36EB871A82DB1D00F7E322 /* AppDelegate.swift in Sources */,
			);
			runOnlyForDeploymentPostprocessing = 0;
		};
		4A36EB921A82DB1D00F7E322 /* Sources */ = {
			isa = PBXSourcesBuildPhase;
			buildActionMask = 2147483647;
			files = (
				4A36EB9D1A82DB1D00F7E322 /* rtTests.swift in Sources */,
			);
			runOnlyForDeploymentPostprocessing = 0;
		};
/* End PBXSourcesBuildPhase section */

/* Begin PBXTargetDependency section */
		4A36EB981A82DB1D00F7E322 /* PBXTargetDependency */ = {
			isa = PBXTargetDependency;
			target = 4A36EB801A82DB1D00F7E322 /* rt */;
			targetProxy = 4A36EB971A82DB1D00F7E322 /* PBXContainerItemProxy */;
		};
/* End PBXTargetDependency section */

/* Begin PBXVariantGroup section */
		4A36EB8A1A82DB1D00F7E322 /* Main.storyboard */ = {
			isa = PBXVariantGroup;
			children = (
				4A36EB8B1A82DB1D00F7E322 /* Base */,
			);
			name = Main.storyboard;
			sourceTree = "<group>";
		};
		4A36EB8F1A82DB1D00F7E322 /* LaunchScreen.xib */ = {
			isa = PBXVariantGroup;
			children = (
				4A36EB901A82DB1D00F7E322 /* Base */,
			);
			name = LaunchScreen.xib;
			sourceTree = "<group>";
		};
/* End PBXVariantGroup section */

/* Begin XCBuildConfiguration section */
		4A36EB9E1A82DB1D00F7E322 /* Debug */ = {
			isa = XCBuildConfiguration;
			buildSettings = {
				ALWAYS_SEARCH_USER_PATHS = NO;
				CLANG_CXX_LANGUAGE_STANDARD = "gnu++0x";
				CLANG_CXX_LIBRARY = "libc++";
				CLANG_ENABLE_MODULES = YES;
				CLANG_ENABLE_OBJC_ARC = YES;
				CLANG_WARN_BOOL_CONVERSION = YES;
				CLANG_WARN_CONSTANT_CONVERSION = YES;
				CLANG_WARN_DIRECT_OBJC_ISA_USAGE = YES_ERROR;
				CLANG_WARN_EMPTY_BODY = YES;
				CLANG_WARN_ENUM_CONVERSION = YES;
				CLANG_WARN_INT_CONVERSION = YES;
				CLANG_WARN_OBJC_ROOT_CLASS = YES_ERROR;
				CLANG_WARN_UNREACHABLE_CODE = YES;
				CLANG_WARN__DUPLICATE_METHOD_MATCH = YES;
				"CODE_SIGN_IDENTITY[sdk=iphoneos*]" = "iPhone Developer";
				COPY_PHASE_STRIP = NO;
				ENABLE_STRICT_OBJC_MSGSEND = YES;
				GCC_C_LANGUAGE_STANDARD = gnu99;
				GCC_DYNAMIC_NO_PIC = NO;
				GCC_OPTIMIZATION_LEVEL = 0;
				GCC_PREPROCESSOR_DEFINITIONS = (
					"DEBUG=1",
					"$(inherited)",
				);
				GCC_SYMBOLS_PRIVATE_EXTERN = NO;
				GCC_WARN_64_TO_32_BIT_CONVERSION = YES;
				GCC_WARN_ABOUT_RETURN_TYPE = YES_ERROR;
				GCC_WARN_UNDECLARED_SELECTOR = YES;
				GCC_WARN_UNINITIALIZED_AUTOS = YES_AGGRESSIVE;
				GCC_WARN_UNUSED_FUNCTION = YES;
				GCC_WARN_UNUSED_VARIABLE = YES;
				IPHONEOS_DEPLOYMENT_TARGET = 8.1;
				MTL_ENABLE_DEBUG_INFO = YES;
				ONLY_ACTIVE_ARCH = YES;
				SDKROOT = iphoneos;
				SWIFT_OPTIMIZATION_LEVEL = "-Onone";
			};
			name = Debug;
		};
		4A36EB9F1A82DB1D00F7E322 /* Release */ = {
			isa = XCBuildConfiguration;
			buildSettings = {
				ALWAYS_SEARCH_USER_PATHS = NO;
				CLANG_CXX_LANGUAGE_STANDARD = "gnu++0x";
				CLANG_CXX_LIBRARY = "libc++";
				CLANG_ENABLE_MODULES = YES;
				CLANG_ENABLE_OBJC_ARC = YES;
				CLANG_WARN_BOOL_CONVERSION = YES;
				CLANG_WARN_CONSTANT_CONVERSION = YES;
				CLANG_WARN_DIRECT_OBJC_ISA_USAGE = YES_ERROR;
				CLANG_WARN_EMPTY_BODY = YES;
				CLANG_WARN_ENUM_CONVERSION = YES;
				CLANG_WARN_INT_CONVERSION = YES;
				CLANG_WARN_OBJC_ROOT_CLASS = YES_ERROR;
				CLANG_WARN_UNREACHABLE_CODE = YES;
				CLANG_WARN__DUPLICATE_METHOD_MATCH = YES;
				"CODE_SIGN_IDENTITY[sdk=iphoneos*]" = "iPhone Developer";
				COPY_PHASE_STRIP = YES;
				ENABLE_NS_ASSERTIONS = NO;
				ENABLE_STRICT_OBJC_MSGSEND = YES;
				GCC_C_LANGUAGE_STANDARD = gnu99;
				GCC_WARN_64_TO_32_BIT_CONVERSION = YES;
				GCC_WARN_ABOUT_RETURN_TYPE = YES_ERROR;
				GCC_WARN_UNDECLARED_SELECTOR = YES;
				GCC_WARN_UNINITIALIZED_AUTOS = YES_AGGRESSIVE;
				GCC_WARN_UNUSED_FUNCTION = YES;
				GCC_WARN_UNUSED_VARIABLE = YES;
				IPHONEOS_DEPLOYMENT_TARGET = 8.1;
				MTL_ENABLE_DEBUG_INFO = NO;
				SDKROOT = iphoneos;
				VALIDATE_PRODUCT = YES;
			};
			name = Release;
		};
		4A36EBA11A82DB1D00F7E322 /* Debug */ = {
			isa = XCBuildConfiguration;
			buildSettings = {
				ASSETCATALOG_COMPILER_APPICON_NAME = AppIcon;
				INFOPLIST_FILE = rt/Info.plist;
				LD_RUNPATH_SEARCH_PATHS = "$(inherited) @executable_path/Frameworks";
				PRODUCT_NAME = "$(TARGET_NAME)";
			};
			name = Debug;
		};
		4A36EBA21A82DB1D00F7E322 /* Release */ = {
			isa = XCBuildConfiguration;
			buildSettings = {
				ASSETCATALOG_COMPILER_APPICON_NAME = AppIcon;
				INFOPLIST_FILE = rt/Info.plist;
				LD_RUNPATH_SEARCH_PATHS = "$(inherited) @executable_path/Frameworks";
				PRODUCT_NAME = "$(TARGET_NAME)";
			};
			name = Release;
		};
		4A36EBA41A82DB1D00F7E322 /* Debug */ = {
			isa = XCBuildConfiguration;
			buildSettings = {
				BUNDLE_LOADER = "$(TEST_HOST)";
				FRAMEWORK_SEARCH_PATHS = (
					"$(SDKROOT)/Developer/Library/Frameworks",
					"$(inherited)",
				);
				GCC_PREPROCESSOR_DEFINITIONS = (
					"DEBUG=1",
					"$(inherited)",
				);
				INFOPLIST_FILE = rtTests/Info.plist;
				LD_RUNPATH_SEARCH_PATHS = "$(inherited) @executable_path/Frameworks @loader_path/Frameworks";
				PRODUCT_NAME = "$(TARGET_NAME)";
				TEST_HOST = "$(BUILT_PRODUCTS_DIR)/rt.app/rt";
			};
			name = Debug;
		};
		4A36EBA51A82DB1D00F7E322 /* Release */ = {
			isa = XCBuildConfiguration;
			buildSettings = {
				BUNDLE_LOADER = "$(TEST_HOST)";
				FRAMEWORK_SEARCH_PATHS = (
					"$(SDKROOT)/Developer/Library/Frameworks",
					"$(inherited)",
				);
				INFOPLIST_FILE = rtTests/Info.plist;
				LD_RUNPATH_SEARCH_PATHS = "$(inherited) @executable_path/Frameworks @loader_path/Frameworks";
				PRODUCT_NAME = "$(TARGET_NAME)";
				TEST_HOST = "$(BUILT_PRODUCTS_DIR)/rt.app/rt";
			};
			name = Release;
		};
/* End XCBuildConfiguration section */

/* Begin XCConfigurationList section */
		4A36EB7C1A82DB1D00F7E322 /* Build configuration list for PBXProject "rt" */ = {
			isa = XCConfigurationList;
			buildConfigurations = (
				4A36EB9E1A82DB1D00F7E322 /* Debug */,
				4A36EB9F1A82DB1D00F7E322 /* Release */,
			);
			defaultConfigurationIsVisible = 0;
			defaultConfigurationName = Release;
		};
		4A36EBA01A82DB1D00F7E322 /* Build configuration list for PBXNativeTarget "rt" */ = {
			isa = XCConfigurationList;
			buildConfigurations = (
				4A36EBA11A82DB1D00F7E322 /* Debug */,
				4A36EBA21A82DB1D00F7E322 /* Release */,
			);
			defaultConfigurationIsVisible = 0;
		};
		4A36EBA31A82DB1D00F7E322 /* Build configuration list for PBXNativeTarget "rtTests" */ = {
			isa = XCConfigurationList;
			buildConfigurations = (
				4A36EBA41A82DB1D00F7E322 /* Debug */,
				4A36EBA51A82DB1D00F7E322 /* Release */,
			);
			defaultConfigurationIsVisible = 0;
		};
/* End XCConfigurationList section */
	};
	rootObject = 4A36EB791A82DB1D00F7E322 /* Project object */;
}
